
Microsoft Visual Studio Solution File, Format Version 12.00
# Visual Studio Version 17
VisualStudioVersion = 17.3.32825.248
MinimumVisualStudioVersion = 10.0.40219.1
Project("{8BC9CEB8-8B4A-11D0-8D11-00A0C91BC942}") = "introductionToOOP", "introductionToOOP\introductionToOOP.vcxproj", "{F75AC869-1953-4B39-B6D6-7D4410415119}"
EndProject
Project("{8BC9CEB8-8B4A-11D0-8D11-00A0C91BC942}") = "Fraction", "Fraction\Fraction.vcxproj", "{7685D714-4CC5-4529-A6C7-992644C74FEE}"
EndProject
Project("{8BC9CEB8-8B4A-11D0-8D11-00A0C91BC942}") = "FractionDomash", "FractionDomash\FractionDomash.vcxproj", "{42BB0F82-6909-4B41-A76A-C1A2C8B26226}"
EndProject
Project("{8BC9CEB8-8B4A-11D0-8D11-00A0C91BC942}") = "String", "String\String.vcxproj", "{537AEE4E-9C61-4F29-9040-BD2974AA31EF}"
EndProject
Global
	GlobalSection(SolutionConfigurationPlatforms) = preSolution
		Debug|x64 = Debug|x64
		Debug|x86 = Debug|x86
		Release|x64 = Release|x64
		Release|x86 = Release|x86
	EndGlobalSection
	GlobalSection(ProjectConfigurationPlatforms) = postSolution
		{F75AC869-1953-4B39-B6D6-7D4410415119}.Debug|x64.ActiveCfg = Debug|x64
		{F75AC869-1953-4B39-B6D6-7D4410415119}.Debug|x64.Build.0 = Debug|x64
		{F75AC869-1953-4B39-B6D6-7D4410415119}.Debug|x86.ActiveCfg = Debug|Win32
		{F75AC869-1953-4B39-B6D6-7D4410415119}.Debug|x86.Build.0 = Debug|Win32
		{F75AC869-1953-4B39-B6D6-7D4410415119}.Release|x64.ActiveCfg = Release|x64
		{F75AC869-1953-4B39-B6D6-7D4410415119}.Release|x64.Build.0 = Release|x64
		{F75AC869-1953-4B39-B6D6-7D4410415119}.Release|x86.ActiveCfg = Release|Win32
		{F75AC869-1953-4B39-B6D6-7D4410415119}.Release|x86.Build.0 = Release|Win32
		{7685D714-4CC5-4529-A6C7-992644C74FEE}.Debug|x64.ActiveCfg = Debug|x64
		{7685D714-4CC5-4529-A6C7-992644C74FEE}.Debug|x64.Build.0 = Debug|x64
		{7685D714-4CC5-4529-A6C7-992644C74FEE}.Debug|x86.ActiveCfg = Debug|Win32
		{7685D714-4CC5-4529-A6C7-992644C74FEE}.Debug|x86.Build.0 = Debug|Win32
		{7685D714-4CC5-4529-A6C7-992644C74FEE}.Release|x64.ActiveCfg = Release|x64
		{7685D714-4CC5-4529-A6C7-992644C74FEE}.Release|x64.Build.0 = Release|x64
		{7685D714-4CC5-4529-A6C7-992644C74FEE}.Release|x86.ActiveCfg = Release|Win32
		{7685D714-4CC5-4529-A6C7-992644C74FEE}.Release|x86.Build.0 = Release|Win32
		{42BB0F82-6909-4B41-A76A-C1A2C8B26226}.Debug|x64.ActiveCfg = Debug|x64
		{42BB0F82-6909-4B41-A76A-C1A2C8B26226}.Debug|x64.Build.0 = Debug|x64
		{42BB0F82-6909-4B41-A76A-C1A2C8B26226}.Debug|x86.ActiveCfg = Debug|Win32
		{42BB0F82-6909-4B41-A76A-C1A2C8B26226}.Debug|x86.Build.0 = Debug|Win32
		{42BB0F82-6909-4B41-A76A-C1A2C8B26226}.Release|x64.ActiveCfg = Release|x64
		{42BB0F82-6909-4B41-A76A-C1A2C8B26226}.Release|x64.Build.0 = Release|x64
		{42BB0F82-6909-4B41-A76A-C1A2C8B26226}.Release|x86.ActiveCfg = Release|Win32
		{42BB0F82-6909-4B41-A76A-C1A2C8B26226}.Release|x86.Build.0 = Release|Win32
		{537AEE4E-9C61-4F29-9040-BD2974AA31EF}.Debug|x64.ActiveCfg = Debug|x64
		{537AEE4E-9C61-4F29-9040-BD2974AA31EF}.Debug|x64.Build.0 = Debug|x64
		{537AEE4E-9C61-4F29-9040-BD2974AA31EF}.Debug|x86.ActiveCfg = Debug|Win32
		{537AEE4E-9C61-4F29-9040-BD2974AA31EF}.Debug|x86.Build.0 = Debug|Win32
		{537AEE4E-9C61-4F29-9040-BD2974AA31EF}.Release|x64.ActiveCfg = Release|x64
		{537AEE4E-9C61-4F29-9040-BD2974AA31EF}.Release|x64.Build.0 = Release|x64
		{537AEE4E-9C61-4F29-9040-BD2974AA31EF}.Release|x86.ActiveCfg = Release|Win32
		{537AEE4E-9C61-4F29-9040-BD2974AA31EF}.Release|x86.Build.0 = Release|Win32
	EndGlobalSection
	GlobalSection(SolutionProperties) = preSolution
		HideSolutionNode = FALSE
	EndGlobalSection
	GlobalSection(ExtensibilityGlobals) = postSolution
		SolutionGuid = {9FB6045E-5A66-493D-89B5-42D518E0B77F}
	EndGlobalSection
EndGlobal
